
Microsoft Visual Studio Solution File, Format Version 12.00
# Visual Studio Version 17
VisualStudioVersion = 17.9.34728.123
MinimumVisualStudioVersion = 10.0.40219.1
Project("{FAE04EC0-301F-11D3-BF4B-00C04F79EFBC}") = "Week8EpicGames", "Week8EpicGames\Week8EpicGames.csproj", "{C2235FDC-3F48-4070-8B6E-F48B94FA8D83}"
EndProject
Global
	GlobalSection(SolutionConfigurationPlatforms) = preSolution
		Debug|Any CPU = Debug|Any CPU
		Release|Any CPU = Release|Any CPU
	EndGlobalSection
	GlobalSection(ProjectConfigurationPlatforms) = postSolution
		{C2235FDC-3F48-4070-8B6E-F48B94FA8D83}.Debug|Any CPU.ActiveCfg = Debug|Any CPU
		{C2235FDC-3F48-4070-8B6E-F48B94FA8D83}.Debug|Any CPU.Build.0 = Debug|Any CPU
		{C2235FDC-3F48-4070-8B6E-F48B94FA8D83}.Release|Any CPU.ActiveCfg = Release|Any CPU
		{C2235FDC-3F48-4070-8B6E-F48B94FA8D83}.Release|Any CPU.Build.0 = Release|Any CPU
	EndGlobalSection
	GlobalSection(SolutionProperties) = preSolution
		HideSolutionNode = FALSE
	EndGlobalSection
	GlobalSection(ExtensibilityGlobals) = postSolution
		SolutionGuid = {D28967F8-3B8A-4F03-AC79-8FB1EF618A94}
	EndGlobalSection
EndGlobal
